
Microsoft Visual Studio Solution File, Format Version 12.00
# Visual Studio 15
VisualStudioVersion = 15.0.28307.645
MinimumVisualStudioVersion = 10.0.40219.1
Project("{8BC9CEB8-8B4A-11D0-8D11-00A0C91BC942}") = "Projekt3-PAMSI", "Projekt3-PAMSI\Projekt3-PAMSI.vcxproj", "{EB08FD53-472A-4A6C-A1F0-D2C52703D819}"
EndProject
Global
	GlobalSection(SolutionConfigurationPlatforms) = preSolution
		Debug|x64 = Debug|x64
		Debug|x86 = Debug|x86
		Release|x64 = Release|x64
		Release|x86 = Release|x86
	EndGlobalSection
	GlobalSection(ProjectConfigurationPlatforms) = postSolution
		{EB08FD53-472A-4A6C-A1F0-D2C52703D819}.Debug|x64.ActiveCfg = Debug|x64
		{EB08FD53-472A-4A6C-A1F0-D2C52703D819}.Debug|x64.Build.0 = Debug|x64
		{EB08FD53-472A-4A6C-A1F0-D2C52703D819}.Debug|x86.ActiveCfg = Debug|Win32
		{EB08FD53-472A-4A6C-A1F0-D2C52703D819}.Debug|x86.Build.0 = Debug|Win32
		{EB08FD53-472A-4A6C-A1F0-D2C52703D819}.Release|x64.ActiveCfg = Release|x64
		{EB08FD53-472A-4A6C-A1F0-D2C52703D819}.Release|x64.Build.0 = Release|x64
		{EB08FD53-472A-4A6C-A1F0-D2C52703D819}.Release|x86.ActiveCfg = Release|Win32
		{EB08FD53-472A-4A6C-A1F0-D2C52703D819}.Release|x86.Build.0 = Release|Win32
	EndGlobalSection
	GlobalSection(SolutionProperties) = preSolution
		HideSolutionNode = FALSE
	EndGlobalSection
	GlobalSection(ExtensibilityGlobals) = postSolution
		SolutionGuid = {F6B79EB8-B162-43BA-870D-5793547FA407}
	EndGlobalSection
EndGlobal
